
Microsoft Visual Studio Solution File, Format Version 12.00
# Visual Studio Version 17
VisualStudioVersion = 17.5.33530.505
MinimumVisualStudioVersion = 10.0.40219.1
Project("{FAE04EC0-301F-11D3-BF4B-00C04F79EFBC}") = "First", "First\First.csproj", "{180B4E75-950D-4052-ABC7-0278EC7427AD}"
EndProject
Project("{2150E333-8FDC-42A3-9474-1A3956D46DE8}") = "Solution Items", "Solution Items", "{562252B5-B598-418F-A651-38EAA32311DC}"
EndProject
Global
	GlobalSection(SolutionConfigurationPlatforms) = preSolution
		Debug|Any CPU = Debug|Any CPU
		Release|Any CPU = Release|Any CPU
	EndGlobalSection
	GlobalSection(ProjectConfigurationPlatforms) = postSolution
		{180B4E75-950D-4052-ABC7-0278EC7427AD}.Debug|Any CPU.ActiveCfg = Debug|Any CPU
		{180B4E75-950D-4052-ABC7-0278EC7427AD}.Debug|Any CPU.Build.0 = Debug|Any CPU
		{180B4E75-950D-4052-ABC7-0278EC7427AD}.Release|Any CPU.ActiveCfg = Release|Any CPU
		{180B4E75-950D-4052-ABC7-0278EC7427AD}.Release|Any CPU.Build.0 = Release|Any CPU
	EndGlobalSection
	GlobalSection(SolutionProperties) = preSolution
		HideSolutionNode = FALSE
	EndGlobalSection
	GlobalSection(ExtensibilityGlobals) = postSolution
		SolutionGuid = {30E7A9D3-BAD0-4726-A7D8-E51AA9A4FE5D}
	EndGlobalSection
EndGlobal
